{
  "version": 4,
  "terraform_version": "1.14.0",
  "serial": 5,
  "lineage": "91be6cc3-fa3b-2b29-3209-f71ca9deefcc",
  "outputs": {
    "bucket_name": {
      "value": "my-cloudfront-secure-bucket",
      "type": "string"
    }
  },
  "resources": [
    {
      "mode": "managed",
      "type": "aws_cloudfront_origin_access_control",
      "name": "oac",
      "provider": "provider[\"registry.terraform.io/hashicorp/aws\"]",
      "instances": [
        {
          "schema_version": 0,
          "attributes": {
            "arn": "arn:aws:cloudfront::522966687682:origin-access-control/E3K6ZWNVP1SZYS",
            "description": "OAC for CloudFront to access S3",
            "etag": "ETVPDKIKX0DER",
            "id": "E3K6ZWNVP1SZYS",
            "name": "MyOAC",
            "origin_access_control_origin_type": "s3",
            "signing_behavior": "always",
            "signing_protocol": "sigv4"
          },
          "sensitive_attributes": [],
          "identity_schema_version": 0,
          "private": "bnVsbA=="
        }
      ]
    }
  ],
  "check_results": null
}
